
Microsoft Visual Studio Solution File, Format Version 12.00
# Visual Studio Version 16
VisualStudioVersion = 16.0.32407.337
MinimumVisualStudioVersion = 10.0.40219.1
Project("{FAE04EC0-301F-11D3-BF4B-00C04F79EFBC}") = "pbo pert 12 - 28 apr 22 - win form 2 - siakad", "pbo pert 12 - 28 apr 22 - win form 2 - siakad\pbo pert 12 - 28 apr 22 - win form 2 - siakad.csproj", "{F56C0AB9-B4FC-4F67-A90F-0BB5D7670596}"
EndProject
Global
	GlobalSection(SolutionConfigurationPlatforms) = preSolution
		Debug|Any CPU = Debug|Any CPU
		Release|Any CPU = Release|Any CPU
	EndGlobalSection
	GlobalSection(ProjectConfigurationPlatforms) = postSolution
		{F56C0AB9-B4FC-4F67-A90F-0BB5D7670596}.Debug|Any CPU.ActiveCfg = Debug|Any CPU
		{F56C0AB9-B4FC-4F67-A90F-0BB5D7670596}.Debug|Any CPU.Build.0 = Debug|Any CPU
		{F56C0AB9-B4FC-4F67-A90F-0BB5D7670596}.Release|Any CPU.ActiveCfg = Release|Any CPU
		{F56C0AB9-B4FC-4F67-A90F-0BB5D7670596}.Release|Any CPU.Build.0 = Release|Any CPU
	EndGlobalSection
	GlobalSection(SolutionProperties) = preSolution
		HideSolutionNode = FALSE
	EndGlobalSection
	GlobalSection(ExtensibilityGlobals) = postSolution
		SolutionGuid = {66CC03C4-2186-4C14-BCBF-CB0C242EA2E6}
	EndGlobalSection
EndGlobal
